{
  "name": "websocket-rpc",
  "version": "4.1.2",
  "lockfileVersion": 1,
  "requires": true,
  "dependencies": {
    "inherits": {
      "version": "https://registry.npmjs.org/inherits/-/inherits-2.0.1.tgz",
      "integrity": "sha1-sX0I0ya0Qj5Wjv9xn5GwscvfafE="
    },
    "uws": {
      "version": "8.14.0",
      "resolved": "https://registry.npmjs.org/uws/-/uws-8.14.0.tgz",
      "integrity": "sha1-rMFIjRPssj/i+UKn6vsGaB+pFDE="
    }
  }
}
